# This file was autogenerated by uv via the following command:
#    uv pip compile E:\python\南网解析工具\reflex_web\requirements.in -o E:\python\南网解析工具\reflex_web\requirements.lock --python 3.12 --no-annotate
annotated-types==0.8.0
anyio==4.14.2
bidict==0.23.1
certifi==2026.7.22
click==8.4.2
colorama==0.4.6
crcmod==1.7
granian==2.8.1
h11==0.16.0
httpcore==1.0.9
httpx==0.28.1
idna==3.18
markdown-it-py==4.2.0
mdurl==0.1.2
packaging==26.3
platformdirs==4.11.3
psutil==7.2.2
pydantic==2.13.4
pydantic-core==2.46.4
pygments==2.20.0
python-engineio==4.13.5
python-multipart==0.0.32
python-socketio==5.16.4
redis==7.4.1
reflex==0.9.8
reflex-base==0.9.8
reflex-components-code==0.9.3
reflex-components-core==0.9.8
reflex-components-dataeditor==0.9.1
reflex-components-gridjs==0.9.1
reflex-components-lucide==1.0.3
reflex-components-markdown==0.9.3
reflex-components-moment==0.9.3
reflex-components-plotly==0.9.4
reflex-components-radix==0.9.7
reflex-components-react-player==0.9.1
reflex-components-recharts==0.9.2
reflex-components-sonner==0.9.1
reflex-hosting-cli==0.1.69
rich==15.0.0
simple-websocket==1.1.0
starlette==1.6.0
typing-extensions==4.16.0
typing-inspection==0.4.4
uvicorn==0.52.3
watchfiles==1.2.0
websockets==17.0.1
wrapt==2.1.2
wsproto==1.3.2
